[[package]]
name = "baselib"
version = "0.1.0"
description = ""
category = "main"
optional = false
python-versions = "^3.7"
develop = true

[package.source]
type = "directory"
url = "../baselib"

[metadata]
lock-version = "1.1"
python-versions = "^3.7"
content-hash = "aae6f8b5e30799b9dbedface6e07be5956d8b0f4223b9865ae6531f3f9519f86"

[metadata.files]
baselib = []
