[[package]]
name = "baselib"
version = "0.1.0"
description = ""
category = "main"
optional = false
python-versions = "^3.7"
develop = true

[package.source]
type = "directory"
url = "../baselib"

[metadata]
lock-version = "1.1"
python-versions = "^3.7"
content-hash = "198eabaa11eb062fae7faad263605b0a320875a5067bb82e16406ed49d4c63b7"

[metadata.files]
baselib = []
